# THIS IS AN AUTOGENERATED FILE. DO NOT EDIT THIS FILE DIRECTLY.
# yarn lockfile v1


"@babel/helper-module-imports@^7.0.0-beta.49":
  version "7.8.3"
  resolved "https://registry.yarnpkg.com/@babel/helper-module-imports/-/helper-module-imports-7.8.3.tgz#7fe39589b39c016331b6b8c3f441e8f0b1419498"
  integrity sha512-R0Bx3jippsbAEtzkpZ/6FIiuzOURPcMjHp+Z6xPe6DtApDJx+w7UYyOLanZqO8+wKR9G10s/FmHXvxaMd9s6Kg==
  dependencies:
    "@babel/types" "^7.8.3"

"@babel/runtime@^7.2.0":
  version "7.8.7"
  resolved "https://registry.yarnpkg.com/@babel/runtime/-/runtime-7.8.7.tgz#8fefce9802db54881ba59f90bb28719b4996324d"
  integrity sha512-+AATMUFppJDw6aiR5NVPHqIQBlV/Pj8wY/EZH+lmvRdUo9xBaz/rF3alAwFJQavvKfeOlPE7oaaDHVbcySbCsg==
  dependencies:
    regenerator-runtime "^0.13.4"

"@babel/types@^7.0.0-beta.49", "@babel/types@^7.8.3":
  version "7.8.7"
  resolved "https://registry.yarnpkg.com/@babel/types/-/types-7.8.7.tgz#1fc9729e1acbb2337d5b6977a63979b4819f5d1d"
  integrity sha512-k2TreEHxFA4CjGkL+GYjRyx35W0Mr7DP5+9q6WMkyKXB+904bYmG40syjMFV0oLlhhFCwWl0vA0DyzTDkwAiJw==
  dependencies:
    esutils "^2.0.2"
    lodash "^4.17.13"
    to-fast-properties "^2.0.0"

"@data-ui/histogram@^0.0.84":
  version "0.0.84"
  resolved "https://registry.yarnpkg.com/@data-ui/histogram/-/histogram-0.0.84.tgz#07738698bbb62dc5845a954b3b547df3e1d3498e"
  integrity sha512-JuAUd3cgbDvXd1PKddB3L3SvZj5VFXTLG9za0RlqgbEsddR2dgUfJJQ5GacJ7a3o/SpmJ0zRGJVXb5VZozjj2Q==
  dependencies:
    "@data-ui/shared" "^0.0.84"
    "@data-ui/theme" "^0.0.84"
    "@vx/axis" "^0.0.179"
    "@vx/curve" "^0.0.165"
    "@vx/event" "^0.0.179"
    "@vx/glyph" "^0.0.179"
    "@vx/gradient" "^0.0.165"
    "@vx/group" "^0.0.170"
    "@vx/pattern" "^0.0.179"
    "@vx/responsive" "^0.0.192"
    "@vx/scale" "^0.0.179"
    "@vx/shape" "^0.0.179"
    "@vx/tooltip" "0.0.179"
    d3-array "^1.2.0"
    d3-scale "^1.0.6"
    prop-types "^15.5.10"
    react-move "^2.1.0"

"@data-ui/shared@^0.0.84":
  version "0.0.84"
  resolved "https://registry.yarnpkg.com/@data-ui/shared/-/shared-0.0.84.tgz#42bd025d677f9be2beada3e1a84a53d33ac0eb10"
  integrity sha512-MsDLsFzBHFEREr/eF2/RX1o/cXioEg+VQTsM8gViW5ywGQ7Xo5+EqUOaBSrwqKAkvp3e8PaEZVkchPC54IBhrA==
  dependencies:
    "@data-ui/theme" "^0.0.84"
    "@vx/event" "^0.0.165"
    "@vx/group" "^0.0.165"
    "@vx/shape" "^0.0.168"
    "@vx/tooltip" "0.0.165"
    d3-array "^1.2.1"
    prop-types "^15.5.10"

"@data-ui/theme@^0.0.84":
  version "0.0.84"
  resolved "https://registry.yarnpkg.com/@data-ui/theme/-/theme-0.0.84.tgz#b75c23d7f38c582adbb8d2159d0d703159f8e3b2"
  integrity sha512-jIoHftC/5c/LVJYF4VSBjjVjrjc0yj4mLkGe8p0eVO7qUYKVvlWx7PrpM7ucyefvuAaKIwlr+Nh2xPGPdADjaA==

"@types/classnames@^2.2.9":
  version "2.2.10"
  resolved "https://registry.yarnpkg.com/@types/classnames/-/classnames-2.2.10.tgz#cc658ca319b6355399efc1f5b9e818f1a24bf999"
  integrity sha512-1UzDldn9GfYYEsWWnn/P4wkTlkZDH7lDb0wBMGbtIQc9zXEQq7FlKBdZUn6OBqD8sKZZ2RQO2mAjGpXiDGoRmQ==

"@types/d3-scale@^2.1.1":
  version "2.2.0"
  resolved "https://registry.yarnpkg.com/@types/d3-scale/-/d3-scale-2.2.0.tgz#e5987a2857365823eb26ed5eb21bc566c4dcf1c0"
  integrity sha512-oQFanN0/PiR2oySHfj+zAAkK1/p4LD32Nt1TMVmzk+bYHk7vgIg/iTXQWitp1cIkDw4LMdcgvO63wL+mNs47YA==
  dependencies:
    "@types/d3-time" "*"

"@types/d3-time@*":
  version "1.0.10"
  resolved "https://registry.yarnpkg.com/@types/d3-time/-/d3-time-1.0.10.tgz#d338c7feac93a98a32aac875d1100f92c7b61f4f"
  integrity sha512-aKf62rRQafDQmSiv1NylKhIMmznsjRN+MnXRXTqHoqm0U/UZzVpdrtRnSIfdiLS616OuC1soYeX1dBg2n1u8Xw==

"@types/lodash@^4.14.146":
  version "4.14.149"
  resolved "https://registry.yarnpkg.com/@types/lodash/-/lodash-4.14.149.tgz#1342d63d948c6062838fbf961012f74d4e638440"
  integrity sha512-ijGqzZt/b7BfzcK9vTrS6MFljQRPn5BFWOx8oE0GYxribu6uV+aA9zZuXI1zc/etK9E8nrgdoF2+LgUw7+9tJQ==

"@types/prop-types@*":
  version "15.7.3"
  resolved "https://registry.yarnpkg.com/@types/prop-types/-/prop-types-15.7.3.tgz#2ab0d5da2e5815f94b0b9d4b95d1e5f243ab2ca7"
  integrity sha512-KfRL3PuHmqQLOG+2tGpRO26Ctg+Cq1E01D2DMriKEATHgWLfeNDmq9e29Q9WIky0dQ3NPkd1mzYH8Lm936Z9qw==

"@types/react@*":
  version "16.9.23"
  resolved "https://registry.yarnpkg.com/@types/react/-/react-16.9.23.tgz#1a66c6d468ba11a8943ad958a8cb3e737568271c"
  integrity sha512-SsGVT4E7L2wLN3tPYLiF20hmZTPGuzaayVunfgXzUn1x4uHVsKH6QDJQ/TdpHqwsTLd4CwrmQ2vOgxN7gE24gw==
  dependencies:
    "@types/prop-types" "*"
    csstype "^2.2.0"

"@vx/axis@^0.0.179":
  version "0.0.179"
  resolved "https://registry.yarnpkg.com/@vx/axis/-/axis-0.0.179.tgz#c6cf021d59e42d6fc9a08cd9ecbd45c9889c60d3"
  integrity sha512-FtUcdJxejYn5jgixSgSk9AdA96VwP9sCRATVfGvugEL0gtTKWYDbJEgSgqXfKqpeUdsDdf/JT7NVbLMc1hzrZg==
  dependencies:
    "@vx/group" "0.0.170"
    "@vx/point" "0.0.165"
    "@vx/shape" "0.0.179"
    "@vx/text" "0.0.179"
    classnames "^2.2.5"
    prop-types "^15.6.0"

"@vx/bounds@0.0.165":
  version "0.0.165"
  resolved "https://registry.yarnpkg.com/@vx/bounds/-/bounds-0.0.165.tgz#75f107a6deb58223c6878db5053382eff3174567"
  integrity sha512-ZvRb72/4QNs1ZrytZTZxd0hfAb/KKfhsdkcYtIQkmdF6dTsjigMQZ+h2bLvLnbZb/RxyCCoxdiZSGXd+T1c//Q==
  dependencies:
    prop-types "^15.5.10"

"@vx/curve@0.0.165", "@vx/curve@^0.0.165":
  version "0.0.165"
  resolved "https://registry.yarnpkg.com/@vx/curve/-/curve-0.0.165.tgz#330d1512dceae0af43dd3eb4c85523132030a3a0"
  integrity sha512-fiQAGrKNGjJbL+eixUckJqIZDWXH/1NtIyyDbSz3J7ksk0QpYr5BgWcNJN76HLNt7wfcLwNzCHeNs4iVYyFGTg==
  dependencies:
    d3-shape "^1.0.6"

"@vx/event@^0.0.165":
  version "0.0.165"
  resolved "https://registry.yarnpkg.com/@vx/event/-/event-0.0.165.tgz#675d89fdfdc08d0c99c36ff1a381ea50fccfba2e"
  integrity sha512-FsQiw0f3s5DQB6aBQmBcoWk9e4q65LcDobHIyV8qrmpW2QgV2NvQFM1w0Q300ohpRMgJDzGk68HHHQgFOJvApw==
  dependencies:
    "@vx/point" "0.0.165"

"@vx/event@^0.0.179":
  version "0.0.179"
  resolved "https://registry.yarnpkg.com/@vx/event/-/event-0.0.179.tgz#4474819b5deeb7de313eda4d2f2cc12e2834e38b"
  integrity sha512-wEwqKsxrzoRV/A9Va/f/CHPmV9asrTH/kW/f88jCydsVXd5W/nrJZiVpozN2Zr1Ernv0i1gW5896FWo/LHRg0A==
  dependencies:
    "@vx/point" "0.0.165"

"@vx/glyph@^0.0.179":
  version "0.0.179"
  resolved "https://registry.yarnpkg.com/@vx/glyph/-/glyph-0.0.179.tgz#5e03b96c9cc37f2417cf05557d758e9e2c8f1009"
  integrity sha512-RO7adwyG+9gGzjFdfmplrojgWCT+gsOnIFcRgJNJjx41+P6hWdI9X4OpsLx8VVqNhp7g+hxBDZWte8AxTvLQGw==
  dependencies:
    "@vx/group" "0.0.170"
    classnames "^2.2.5"
    d3-shape "^1.2.0"
    prop-types "^15.6.2"

"@vx/gradient@^0.0.165":
  version "0.0.165"
  resolved "https://registry.yarnpkg.com/@vx/gradient/-/gradient-0.0.165.tgz#0cc0fe873e6acded4943fa274f68601ad5a50a38"
  integrity sha512-FjRXMTmcy7k0TWsfDzWWXw6T9WXKP+6LS/GRgnguq271pab/P+AdOJThsVxtBgUc8ZOAPbub3/2Gggz9d8tocg==
  dependencies:
    classnames "^2.2.5"
    prop-types "^15.5.7"

"@vx/group@0.0.165", "@vx/group@^0.0.165":
  version "0.0.165"
  resolved "https://registry.yarnpkg.com/@vx/group/-/group-0.0.165.tgz#2342523225de94859b5be49c3072dc6bb6795e78"
  integrity sha512-gi1DSg8AAaVRseyWiq8y4bzyvKiQIXT6vDUYBVRmv2LBcpHocBGaxNiNK0X602RgLG0XmNyRv6qSCWLOaBs3Mg==
  dependencies:
    classnames "^2.2.5"

"@vx/group@0.0.170", "@vx/group@^0.0.170":
  version "0.0.170"
  resolved "https://registry.yarnpkg.com/@vx/group/-/group-0.0.170.tgz#8b30b3ea07c348fe22253812fe7cb6d4200d725d"
  integrity sha512-RnDdRoy0YI5hokk+YWXc8t39Kp51i4BdCpiwkDJU4YypGycTYnDFjicam6jigUmZ/6wyMirDf/aQboWviFLt2Q==
  dependencies:
    classnames "^2.2.5"

"@vx/group@0.0.194":
  version "0.0.194"
  resolved "https://registry.yarnpkg.com/@vx/group/-/group-0.0.194.tgz#c53cbd47d2a50650063be3b39920c44da063b3ae"
  integrity sha512-0TV9eo5rgBr04i42qY+T5qg3PaHp9CJ77+V3Cm+ifTS3fgNomcfNCjoKpTi5uFVIj4M2t4akvka9n9PjW4emDw==
  dependencies:
    "@types/classnames" "^2.2.9"
    "@types/react" "*"
    classnames "^2.2.5"
    prop-types "^15.6.2"

"@vx/legend@^0.0.194":
  version "0.0.194"
  resolved "https://registry.yarnpkg.com/@vx/legend/-/legend-0.0.194.tgz#4037296663a0fbaaaab0fce71ee79fd343e9a5ae"
  integrity sha512-fWrkt46E/Ivnw1oB3U4diZ1FEgE6qikCftK19mFgOZF9J+zvaL7WImYedn13wDSxTJm0niSsM6vKp/fFgjfDGA==
  dependencies:
    "@types/classnames" "^2.2.9"
    "@types/d3-scale" "^2.1.1"
    "@types/react" "*"
    "@vx/group" "0.0.194"
    classnames "^2.2.5"
    prop-types "^15.5.10"

"@vx/pattern@^0.0.179":
  version "0.0.179"
  resolved "https://registry.yarnpkg.com/@vx/pattern/-/pattern-0.0.179.tgz#8d4723e9ef41930bfdf723582fb2c7d43a91ce01"
  integrity sha512-qvJsK07oUnSbuzj9jo7b/1Up13DknIeTlj9FDIhg0UNmz90ikVN2CZIWtdJyc2I1AFDEg0odOqYXzUx9aEBRfg==
  dependencies:
    classnames "^2.2.5"
    prop-types "^15.5.10"

"@vx/point@0.0.165":
  version "0.0.165"
  resolved "https://registry.yarnpkg.com/@vx/point/-/point-0.0.165.tgz#7ebde5da3d86954fe31a56f923f31550f0b4b867"
  integrity sha512-spoHilhjcWNgccrSzBUPw+PXV81tYxeyEWBkgr35aGVU4m7YT86Ywvfemwp7AVVGPn+XJHrhB0ujAhDoyqFPoA==

"@vx/responsive@^0.0.192":
  version "0.0.192"
  resolved "https://registry.yarnpkg.com/@vx/responsive/-/responsive-0.0.192.tgz#721d032bec38b9e3ff5fde2e4d5d8ee5a81cc517"
  integrity sha512-HaXVwhSJXUfRbzRV+glxsX0ki2Hi1mdpz42iuGArVQgDPJEmBHjkXyoiXU8U6v66M7FAH+OyKgtc5j2bfhyYzA==
  dependencies:
    lodash "^4.17.10"
    prop-types "^15.6.1"
    resize-observer-polyfill "1.5.0"

"@vx/responsive@^0.0.195":
  version "0.0.195"
  resolved "https://registry.yarnpkg.com/@vx/responsive/-/responsive-0.0.195.tgz#8c75d86a28801c5f1970d43433a01e101454d444"
  integrity sha512-3zjkjqg8V3Kr1moSI7EAzlW7MLR87p2CXc+qh0zZg/zLrc3C89JnxyMYFfS7jM4PlHr26n634YddQDVydwARBA==
  dependencies:
    "@types/lodash" "^4.14.146"
    "@types/react" "*"
    lodash "^4.17.10"
    prop-types "^15.6.1"
    resize-observer-polyfill "1.5.1"

"@vx/scale@^0.0.179":
  version "0.0.179"
  resolved "https://registry.yarnpkg.com/@vx/scale/-/scale-0.0.179.tgz#c7f65974ba80ccb7c90a69f639b982f9df9ea7af"
  integrity sha512-j40WiGu4VcHZdaSQAl12ig2w5c4Q9EVn7qqYf9PX7uoS5PbxRYNnHeKZ7e5Bf8O6b57iv5jFTfUV7HkpNF4vvg==
  dependencies:
    d3-scale "^2.0.0"

"@vx/scale@^0.0.195":
  version "0.0.195"
  resolved "https://registry.yarnpkg.com/@vx/scale/-/scale-0.0.195.tgz#28bb2ff6663444a9709d1f99e4e4843d7e2f26ba"
  integrity sha512-aZ2N+YVB6k9um7jzOQY9h/BaV/5vTA8DeuWjqMmeuJCTkX3NzJqu+/oWQRwOcMr/07rAPLf/0YUVEGE50OTEFQ==
  dependencies:
    "@types/d3-scale" "^2.1.1"
    d3-scale "^2.2.2"

"@vx/shape@0.0.179", "@vx/shape@^0.0.179":
  version "0.0.179"
  resolved "https://registry.yarnpkg.com/@vx/shape/-/shape-0.0.179.tgz#038c449743d1e05b7b2d20151e9ab6e739f73516"
  integrity sha512-YHVNx4xGpbjolkW3Lb5pEgJB0+u349vfnLI976DJlinY0hRNa4TZbWXOB4ywLIrYzQEXXPMUR8WtdubNxg6g0w==
  dependencies:
    "@vx/curve" "0.0.165"
    "@vx/group" "0.0.170"
    "@vx/point" "0.0.165"
    classnames "^2.2.5"
    d3-path "^1.0.5"
    d3-shape "^1.2.0"
    prop-types "^15.5.10"

"@vx/shape@^0.0.168":
  version "0.0.168"
  resolved "https://registry.yarnpkg.com/@vx/shape/-/shape-0.0.168.tgz#172bc1cf4dade47076018efd559e0ecc4e959aec"
  integrity sha512-urKZkwSafMpPQ0wI/L5FJmufRiAR4UsgYUCKxROjfE1Cf4jWNlK6mlVIIASxCdHlh9CGBbIrRMdl5Yv5lzqhjA==
  dependencies:
    "@vx/curve" "0.0.165"
    "@vx/group" "0.0.165"
    "@vx/point" "0.0.165"
    classnames "^2.2.5"
    d3-path "^1.0.5"
    d3-shape "^1.2.0"
    prop-types "^15.5.10"

"@vx/text@0.0.179":
  version "0.0.179"
  resolved "https://registry.yarnpkg.com/@vx/text/-/text-0.0.179.tgz#820328086c22a83cd9e4a5373f4c7f4223db3a74"
  integrity sha512-UD3/8o15+AQfjDI8LQ1Zj3EdQCwA3cfuQMR/M2F/Le4+JXQNMheeWz4xGyF4ZDs6r7c5cUI9Cd1RaPmGhYsX9g==
  dependencies:
    babel-plugin-lodash "^3.3.2"
    classnames "^2.2.5"
    lodash "^4.17.4"
    prop-types "^15.6.2"
    reduce-css-calc "^1.3.0"

"@vx/tooltip@0.0.165":
  version "0.0.165"
  resolved "https://registry.yarnpkg.com/@vx/tooltip/-/tooltip-0.0.165.tgz#0d17a1b445a7bc70d7840e36593b780a6e7b40e2"
  integrity sha512-/x1NZc67QGQ4e/WNT7Ks5LYRyeLSqp8lG04gX5J6leUS0zscAVzo3aE5u65Qqbc0cnMyMPRZ2Qtb4klWTLg+eQ==
  dependencies:
    "@vx/bounds" "0.0.165"
    classnames "^2.2.5"
    prop-types "^15.5.10"

"@vx/tooltip@0.0.179":
  version "0.0.179"
  resolved "https://registry.yarnpkg.com/@vx/tooltip/-/tooltip-0.0.179.tgz#7e794f977a49a850d235c4c90c8307a276e3b828"
  integrity sha512-BjMURtNpc1g3Li00iHt4bA9lbhk1FnsxCemYI1OF5tSSKHHal2ZAdxRS7o1sR9+jIa3RyD9flfIa1ibtrJh2Ew==
  dependencies:
    "@vx/bounds" "0.0.165"
    classnames "^2.2.5"
    prop-types "^15.5.10"

babel-plugin-lodash@^3.3.2:
  version "3.3.4"
  resolved "https://registry.yarnpkg.com/babel-plugin-lodash/-/babel-plugin-lodash-3.3.4.tgz#4f6844358a1340baed182adbeffa8df9967bc196"
  integrity sha512-yDZLjK7TCkWl1gpBeBGmuaDIFhZKmkoL+Cu2MUUjv5VxUZx/z7tBGBCBcQs5RI1Bkz5LLmNdjx7paOyQtMovyg==
  dependencies:
    "@babel/helper-module-imports" "^7.0.0-beta.49"
    "@babel/types" "^7.0.0-beta.49"
    glob "^7.1.1"
    lodash "^4.17.10"
    require-package-name "^2.0.1"

balanced-match@^0.4.2:
  version "0.4.2"
  resolved "https://registry.yarnpkg.com/balanced-match/-/balanced-match-0.4.2.tgz#cb3f3e3c732dc0f01ee70b403f302e61d7709838"
  integrity sha1-yz8+PHMtwPAe5wtAPzAuYddwmDg=

balanced-match@^1.0.0:
  version "1.0.0"
  resolved "https://registry.yarnpkg.com/balanced-match/-/balanced-match-1.0.0.tgz#89b4d199ab2bee49de164ea02b89ce462d71b767"
  integrity sha1-ibTRmasr7kneFk6gK4nORi1xt2c=

brace-expansion@^1.1.7:
  version "1.1.11"
  resolved "https://registry.yarnpkg.com/brace-expansion/-/brace-expansion-1.1.11.tgz#3c7fcbf529d87226f3d2f52b966ff5271eb441dd"
  integrity sha512-iCuPHDFgrHX7H2vEI/5xpz07zSHB00TpugqhmYtVmMO6518mCuRMoOYFldEBl0g187ufozdaHgWKcYFb61qGiA==
  dependencies:
    balanced-match "^1.0.0"
    concat-map "0.0.1"

classnames@^2.2.5:
  version "2.2.6"
  resolved "https://registry.yarnpkg.com/classnames/-/classnames-2.2.6.tgz#43935bffdd291f326dad0a205309b38d00f650ce"
  integrity sha512-JR/iSQOSt+LQIWwrwEzJ9uk0xfN3mTVYMwt1Ir5mUcSN6pU+V4zQFFaJsclJbPuAUQH+yfWef6tm7l1quW3C8Q==

concat-map@0.0.1:
  version "0.0.1"
  resolved "https://registry.yarnpkg.com/concat-map/-/concat-map-0.0.1.tgz#d8a96bd77fd68df7793a73036a3ba0d5405d477b"
  integrity sha1-2Klr13/Wjfd5OnMDajug1UBdR3s=

csstype@^2.2.0:
  version "2.6.9"
  resolved "https://registry.yarnpkg.com/csstype/-/csstype-2.6.9.tgz#05141d0cd557a56b8891394c1911c40c8a98d098"
  integrity sha512-xz39Sb4+OaTsULgUERcCk+TJj8ylkL4aSVDQiX/ksxbELSqwkgt4d4RD7fovIdgJGSuNYqwZEiVjYY5l0ask+Q==

d3-array@^1.2.0, d3-array@^1.2.1:
  version "1.2.4"
  resolved "https://registry.yarnpkg.com/d3-array/-/d3-array-1.2.4.tgz#635ce4d5eea759f6f605863dbcfc30edc737f71f"
  integrity sha512-KHW6M86R+FUPYGb3R5XiYjXPq7VzwxZ22buHhAEVG5ztoEcZZMLov530mmccaqA1GghZArjQV46fuc8kUqhhHw==

d3-collection@1:
  version "1.0.7"
  resolved "https://registry.yarnpkg.com/d3-collection/-/d3-collection-1.0.7.tgz#349bd2aa9977db071091c13144d5e4f16b5b310e"
  integrity sha512-ii0/r5f4sjKNTfh84Di+DpztYwqKhEyUlKoPrzUFfeSkWxjW49xU2QzO9qrPrNkpdI0XJkfzvmTu8V2Zylln6A==

d3-color@1:
  version "1.4.0"
  resolved "https://registry.yarnpkg.com/d3-color/-/d3-color-1.4.0.tgz#89c45a995ed773b13314f06460df26d60ba0ecaf"
  integrity sha512-TzNPeJy2+iEepfiL92LAAB7fvnp/dV2YwANPVHdDWmYMm23qIJBYww3qT8I8C1wXrmrg4UWs7BKc2tKIgyjzHg==

d3-format@1:
  version "1.4.3"
  resolved "https://registry.yarnpkg.com/d3-format/-/d3-format-1.4.3.tgz#4e8eb4dff3fdcb891a8489ec6e698601c41b96f1"
  integrity sha512-mm/nE2Y9HgGyjP+rKIekeITVgBtX97o1nrvHCWX8F/yBYyevUTvu9vb5pUnKwrcSw7o7GuwMOWjS9gFDs4O+uQ==

d3-interpolate@1, d3-interpolate@^1.3.2:
  version "1.4.0"
  resolved "https://registry.yarnpkg.com/d3-interpolate/-/d3-interpolate-1.4.0.tgz#526e79e2d80daa383f9e0c1c1c7dcc0f0583e987"
  integrity sha512-V9znK0zc3jOPV4VD2zZn0sDhZU3WAE2bmlxdIwwQPPzPjvyLkd8B3JUVdS1IDUFDkWZ72c9qnv1GK2ZagTZ8EA==
  dependencies:
    d3-color "1"

d3-path@1, d3-path@^1.0.5:
  version "1.0.9"
  resolved "https://registry.yarnpkg.com/d3-path/-/d3-path-1.0.9.tgz#48c050bb1fe8c262493a8caf5524e3e9591701cf"
  integrity sha512-VLaYcn81dtHVTjEHd8B+pbe9yHWpXKZUC87PzoFmsFrJqgFwDe/qxfp5MlfsfM1V5E/iVt0MmEbWQ7FVIXh/bg==

d3-scale@^1.0.6:
  version "1.0.7"
  resolved "https://registry.yarnpkg.com/d3-scale/-/d3-scale-1.0.7.tgz#fa90324b3ea8a776422bd0472afab0b252a0945d"
  integrity sha512-KvU92czp2/qse5tUfGms6Kjig0AhHOwkzXG0+PqIJB3ke0WUv088AHMZI0OssO9NCkXt4RP8yju9rpH8aGB7Lw==
  dependencies:
    d3-array "^1.2.0"
    d3-collection "1"
    d3-color "1"
    d3-format "1"
    d3-interpolate "1"
    d3-time "1"
    d3-time-format "2"

d3-scale@^2.0.0, d3-scale@^2.2.2:
  version "2.2.2"
  resolved "https://registry.yarnpkg.com/d3-scale/-/d3-scale-2.2.2.tgz#4e880e0b2745acaaddd3ede26a9e908a9e17b81f"
  integrity sha512-LbeEvGgIb8UMcAa0EATLNX0lelKWGYDQiPdHj+gLblGVhGLyNbaCn3EvrJf0A3Y/uOOU5aD6MTh5ZFCdEwGiCw==
  dependencies:
    d3-array "^1.2.0"
    d3-collection "1"
    d3-format "1"
    d3-interpolate "1"
    d3-time "1"
    d3-time-format "2"

d3-shape@^1.0.6, d3-shape@^1.2.0:
  version "1.3.7"
  resolved "https://registry.yarnpkg.com/d3-shape/-/d3-shape-1.3.7.tgz#df63801be07bc986bc54f63789b4fe502992b5d7"
  integrity sha512-EUkvKjqPFUAZyOlhY5gzCxCeI0Aep04LwIRpsZ/mLFelJiUfnK56jo5JMDSE7yyP2kLSb6LtF+S5chMk7uqPqw==
  dependencies:
    d3-path "1"

d3-time-format@2:
  version "2.2.3"
  resolved "https://registry.yarnpkg.com/d3-time-format/-/d3-time-format-2.2.3.tgz#0c9a12ee28342b2037e5ea1cf0b9eb4dd75f29cb"
  integrity sha512-RAHNnD8+XvC4Zc4d2A56Uw0yJoM7bsvOlJR33bclxq399Rak/b9bhvu/InjxdWhPtkgU53JJcleJTGkNRnN6IA==
  dependencies:
    d3-time "1"

d3-time@1:
  version "1.1.0"
  resolved "https://registry.yarnpkg.com/d3-time/-/d3-time-1.1.0.tgz#b1e19d307dae9c900b7e5b25ffc5dcc249a8a0f1"
  integrity sha512-Xh0isrZ5rPYYdqhAVk8VLnMEidhz5aP7htAADH6MfzgmmicPkTo8LhkLxci61/lCB7n7UmE3bN0leRt+qvkLxA==

d3-timer@^1.0.9:
  version "1.0.10"
  resolved "https://registry.yarnpkg.com/d3-timer/-/d3-timer-1.0.10.tgz#dfe76b8a91748831b13b6d9c793ffbd508dd9de5"
  integrity sha512-B1JDm0XDaQC+uvo4DT79H0XmBskgS3l6Ve+1SBCfxgmtIb1AVrPIoqd+nPSv+loMX8szQ0sVUhGngL7D5QPiXw==

esutils@^2.0.2:
  version "2.0.3"
  resolved "https://registry.yarnpkg.com/esutils/-/esutils-2.0.3.tgz#74d2eb4de0b8da1293711910d50775b9b710ef64"
  integrity sha512-kVscqXk4OCp68SZ0dkgEKVi6/8ij300KBWTJq32P/dYeWTSwK41WyTxalN1eRmA5Z9UU/LX9D7FWSmV9SAYx6g==

fs.realpath@^1.0.0:
  version "1.0.0"
  resolved "https://registry.yarnpkg.com/fs.realpath/-/fs.realpath-1.0.0.tgz#1504ad2523158caa40db4a2787cb01411994ea4f"
  integrity sha1-FQStJSMVjKpA20onh8sBQRmU6k8=

glob@^7.1.1:
  version "7.1.6"
  resolved "https://registry.yarnpkg.com/glob/-/glob-7.1.6.tgz#141f33b81a7c2492e125594307480c46679278a6"
  integrity sha512-LwaxwyZ72Lk7vZINtNNrywX0ZuLyStrdDtabefZKAY5ZGJhVtgdznluResxNmPitE0SAO+O26sWTHeKSI2wMBA==
  dependencies:
    fs.realpath "^1.0.0"
    inflight "^1.0.4"
    inherits "2"
    minimatch "^3.0.4"
    once "^1.3.0"
    path-is-absolute "^1.0.0"

inflight@^1.0.4:
  version "1.0.6"
  resolved "https://registry.yarnpkg.com/inflight/-/inflight-1.0.6.tgz#49bd6331d7d02d0c09bc910a1075ba8165b56df9"
  integrity sha1-Sb1jMdfQLQwJvJEKEHW6gWW1bfk=
  dependencies:
    once "^1.3.0"
    wrappy "1"

inherits@2:
  version "2.0.4"
  resolved "https://registry.yarnpkg.com/inherits/-/inherits-2.0.4.tgz#0fa2c64f932917c3433a0ded55363aae37416b7c"
  integrity sha512-k/vGaX4/Yla3WzyMCvTQOXYeIHvqOKtnqBduzTHpzpQZzAskKMhZ2K+EnBiSM9zGSoIFeMpXKxa4dYeZIQqewQ==

"js-tokens@^3.0.0 || ^4.0.0":
  version "4.0.0"
  resolved "https://registry.yarnpkg.com/js-tokens/-/js-tokens-4.0.0.tgz#19203fb59991df98e3a287050d4647cdeaf32499"
  integrity sha512-RdJUflcE3cUzKiMqQgsCu06FPu9UdIJO0beYbPhHN4k6apgJtifcoCtT9bcxOpYBtpD2kCM6Sbzg4CausW/PKQ==

lodash@^4.17.10, lodash@^4.17.13, lodash@^4.17.4:
  version "4.17.15"
  resolved "https://registry.yarnpkg.com/lodash/-/lodash-4.17.15.tgz#b447f6670a0455bbfeedd11392eff330ea097548"
  integrity sha512-8xOcRHvCjnocdS5cpwXQXVzmmh5e5+saE2QGoeQmbKmRS6J3VQppPOIt0MnmE+4xlZoumy0GPG0D0MVIQbNA1A==

loose-envify@^1.4.0:
  version "1.4.0"
  resolved "https://registry.yarnpkg.com/loose-envify/-/loose-envify-1.4.0.tgz#71ee51fa7be4caec1a63839f7e682d8132d30caf"
  integrity sha512-lyuxPGr/Wfhrlem2CL/UcnUc1zcqKAImBDzukY7Y5F/yQiNdko6+fRLevlw1HgMySw7f611UIY408EtxRSoK3Q==
  dependencies:
    js-tokens "^3.0.0 || ^4.0.0"

math-expression-evaluator@^1.2.14:
  version "1.2.22"
  resolved "https://registry.yarnpkg.com/math-expression-evaluator/-/math-expression-evaluator-1.2.22.tgz#c14dcb3d8b4d150e5dcea9c68c8dad80309b0d5e"
  integrity sha512-L0j0tFVZBQQLeEjmWOvDLoRciIY8gQGWahvkztXUal8jH8R5Rlqo9GCvgqvXcy9LQhEWdQCVvzqAbxgYNt4blQ==

minimatch@^3.0.4:
  version "3.0.4"
  resolved "https://registry.yarnpkg.com/minimatch/-/minimatch-3.0.4.tgz#5166e286457f03306064be5497e8dbb0c3d32083"
  integrity sha512-yJHVQEhyqPLUTgt9B83PXu6W3rx4MvvHvSUvToogpwoGDOUQ+yDrR0HRot+yOCdCO7u4hX3pWft6kWBBcqh0UA==
  dependencies:
    brace-expansion "^1.1.7"

object-assign@^4.1.1:
  version "4.1.1"
  resolved "https://registry.yarnpkg.com/object-assign/-/object-assign-4.1.1.tgz#2109adc7965887cfc05cbbd442cac8bfbb360863"
  integrity sha1-IQmtx5ZYh8/AXLvUQsrIv7s2CGM=

once@^1.3.0:
  version "1.4.0"
  resolved "https://registry.yarnpkg.com/once/-/once-1.4.0.tgz#583b1aa775961d4b113ac17d9c50baef9dd76bd1"
  integrity sha1-WDsap3WWHUsROsF9nFC6753Xa9E=
  dependencies:
    wrappy "1"

path-is-absolute@^1.0.0:
  version "1.0.1"
  resolved "https://registry.yarnpkg.com/path-is-absolute/-/path-is-absolute-1.0.1.tgz#174b9268735534ffbc7ace6bf53a5a9e1b5c5f5f"
  integrity sha1-F0uSaHNVNP+8es5r9TpanhtcX18=

prop-types@^15.5.10, prop-types@^15.5.7, prop-types@^15.6.0, prop-types@^15.6.1, prop-types@^15.6.2:
  version "15.7.2"
  resolved "https://registry.yarnpkg.com/prop-types/-/prop-types-15.7.2.tgz#52c41e75b8c87e72b9d9360e0206b99dcbffa6c5"
  integrity sha512-8QQikdH7//R2vurIJSutZ1smHYTcLpRWEOlHnzcWHmBYrOGUysKwSsrC89BCiFj3CbrfJ/nXFdJepOVrY1GCHQ==
  dependencies:
    loose-envify "^1.4.0"
    object-assign "^4.1.1"
    react-is "^16.8.1"

react-is@^16.8.1:
  version "16.13.0"
  resolved "https://registry.yarnpkg.com/react-is/-/react-is-16.13.0.tgz#0f37c3613c34fe6b37cd7f763a0d6293ab15c527"
  integrity sha512-GFMtL0vHkiBv9HluwNZTggSn/sCyEt9n02aM0dSAjGGyqyNlAyftYm4phPxdvCigG15JreC5biwxCgTAJZ7yAA==

react-lifecycles-compat@^3.0.4:
  version "3.0.4"
  resolved "https://registry.yarnpkg.com/react-lifecycles-compat/-/react-lifecycles-compat-3.0.4.tgz#4f1a273afdfc8f3488a8c516bfda78f872352362"
  integrity sha512-fBASbA6LnOU9dOU2eW7aQ8xmYBSXUIWr+UmF9b1efZBazGNO+rcXT/icdKnYm2pTwcRylVUYwW7H1PHfLekVzA==

react-move@^2.1.0:
  version "2.9.1"
  resolved "https://registry.yarnpkg.com/react-move/-/react-move-2.9.1.tgz#966a1e7312795b03aa6b4834f9392a3bfbbe2ca0"
  integrity sha512-5qKYsJrKKpSypEaaYyR2HBbBgX65htRqKDa8o5OGDkq2VfklmTCbLawtYFpdmcJRqbz4jCYpzo2Rrsazq9HA8Q==
  dependencies:
    "@babel/runtime" "^7.2.0"
    d3-interpolate "^1.3.2"
    d3-timer "^1.0.9"
    prop-types "^15.6.2"
    react-lifecycles-compat "^3.0.4"

reduce-css-calc@^1.3.0:
  version "1.3.0"
  resolved "https://registry.yarnpkg.com/reduce-css-calc/-/reduce-css-calc-1.3.0.tgz#747c914e049614a4c9cfbba629871ad1d2927716"
  integrity sha1-dHyRTgSWFKTJz7umKYca0dKSdxY=
  dependencies:
    balanced-match "^0.4.2"
    math-expression-evaluator "^1.2.14"
    reduce-function-call "^1.0.1"

reduce-function-call@^1.0.1:
  version "1.0.3"
  resolved "https://registry.yarnpkg.com/reduce-function-call/-/reduce-function-call-1.0.3.tgz#60350f7fb252c0a67eb10fd4694d16909971300f"
  integrity sha512-Hl/tuV2VDgWgCSEeWMLwxLZqX7OK59eU1guxXsRKTAyeYimivsKdtcV4fu3r710tpG5GmDKDhQ0HSZLExnNmyQ==
  dependencies:
    balanced-match "^1.0.0"

regenerator-runtime@^0.13.4:
  version "0.13.4"
  resolved "https://registry.yarnpkg.com/regenerator-runtime/-/regenerator-runtime-0.13.4.tgz#e96bf612a3362d12bb69f7e8f74ffeab25c7ac91"
  integrity sha512-plpwicqEzfEyTQohIKktWigcLzmNStMGwbOUbykx51/29Z3JOGYldaaNGK7ngNXV+UcoqvIMmloZ48Sr74sd+g==

require-package-name@^2.0.1:
  version "2.0.1"
  resolved "https://registry.yarnpkg.com/require-package-name/-/require-package-name-2.0.1.tgz#c11e97276b65b8e2923f75dabf5fb2ef0c3841b9"
  integrity sha1-wR6XJ2tluOKSP3Xav1+y7ww4Qbk=

resize-observer-polyfill@1.5.0:
  version "1.5.0"
  resolved "https://registry.yarnpkg.com/resize-observer-polyfill/-/resize-observer-polyfill-1.5.0.tgz#660ff1d9712a2382baa2cad450a4716209f9ca69"
  integrity sha512-M2AelyJDVR/oLnToJLtuDJRBBWUGUvvGigj1411hXhAdyFWqMaqHp7TixW3FpiLuVaikIcR1QL+zqoJoZlOgpg==

resize-observer-polyfill@1.5.1:
  version "1.5.1"
  resolved "https://registry.yarnpkg.com/resize-observer-polyfill/-/resize-observer-polyfill-1.5.1.tgz#0e9020dd3d21024458d4ebd27e23e40269810464"
  integrity sha512-LwZrotdHOo12nQuZlHEmtuXdqGoOD0OhaxopaNFxWzInpEgaLWoVuAMbTzixuosCx2nEG58ngzW3vxdWoxIgdg==

to-fast-properties@^2.0.0:
  version "2.0.0"
  resolved "https://registry.yarnpkg.com/to-fast-properties/-/to-fast-properties-2.0.0.tgz#dc5e698cbd079265bc73e0377681a4e4e83f616e"
  integrity sha1-3F5pjL0HkmW8c+A3doGk5Og/YW4=

wrappy@1:
  version "1.0.2"
  resolved "https://registry.yarnpkg.com/wrappy/-/wrappy-1.0.2.tgz#b5243d8f3ec1aa35f1364605bc0d1036e30ab69f"
  integrity sha1-tSQ9jz7BqjXxNkYFvA0QNuMKtp8=
